github.com/akkrishna2/pbkdf2 v0.0.1 h1:dUPhuZtvSPJfunABMBOUUidZG+kPGO74aE3USeA9LLQ=
github.com/akkrishna2/pbkdf2 v0.0.1/go.mod h1:W+SKms9okJhmMpyOmZgT6j+9/7weDOTzsN9TBYGVATE=
github.com/akkrishna2/stringprep v0.0.1 h1:OI1Cw45Q96XBHTgAxL+JWSCq9lfkcsf6uOrNN9Ju1zg=
github.com/akkrishna2/stringprep v0.0.1/go.mod h1:XTV4cAqT9GVBA1OyhLZGlQzseMlClkJxOa5HWwRVSm4=
golang.org/x/text v0.22.0 h1:bofq7m3/HAFvbF51jz3Q9wLg3jkvSPuiZu/pD1XwgtM=
golang.org/x/text v0.22.0/go.mod h1:YRoo4H8PVmsu+E3Ou7cqLVH8oXWIHVoX0jqUWALQhfY=
